// !$*UTF8*$!
{
	archiveVersion = 1;
	classes = {
	};
	objectVersion = 77;
	objects = {

/* Begin PBXBuildFile section */
		AAA33C5D2D077D4E006297B0 /* ContentView.swift in Sources */ = {isa = PBXBuildFile; fileRef = AAA33C5B2D077D4E006297B0 /* ContentView.swift */; };
		AAA33C5E2D077D4E006297B0 /* HarryPotterQuizApp.swift in Sources */ = {isa = PBXBuildFile; fileRef = AAA33C5C2D077D4E006297B0 /* HarryPotterQuizApp.swift */; };
		AAA33C602D077D4E006297B0 /* Assets.xcassets in Resources */ = {isa = PBXBuildFile; fileRef = AAA33C5A2D077D4E006297B0 /* Assets.xcassets */; };
		AAA33C692D077D76006297B0 /* negative-beeps.mp3 in Resources */ = {isa = PBXBuildFile; fileRef = AAA33C662D077D76006297B0 /* negative-beeps.mp3 */; };
		AAA33C6A2D077D76006297B0 /* magic-wand.mp3 in Resources */ = {isa = PBXBuildFile; fileRef = AAA33C652D077D76006297B0 /* magic-wand.mp3 */; };
		AAA33C6B2D077D76006297B0 /* deep-in-the-dell.mp3 in Resources */ = {isa = PBXBuildFile; fileRef = AAA33C612D077D76006297B0 /* deep-in-the-dell.mp3 */; };
		AAA33C6C2D077D76006297B0 /* let-the-mystery-unfold.mp3 in Resources */ = {isa = PBXBuildFile; fileRef = AAA33C632D077D76006297B0 /* let-the-mystery-unfold.mp3 */; };
		AAA33C6D2D077D76006297B0 /* spellcraft.mp3 in Resources */ = {isa = PBXBuildFile; fileRef = AAA33C682D077D76006297B0 /* spellcraft.mp3 */; };
		AAA33C6E2D077D76006297B0 /* page-flip.mp3 in Resources */ = {isa = PBXBuildFile; fileRef = AAA33C672D077D76006297B0 /* page-flip.mp3 */; };
		AAA33C6F2D077D76006297B0 /* hiding-place-in-the-forest.mp3 in Resources */ = {isa = PBXBuildFile; fileRef = AAA33C622D077D76006297B0 /* hiding-place-in-the-forest.mp3 */; };
		AAA33C702D077D76006297B0 /* magic-in-the-air.mp3 in Resources */ = {isa = PBXBuildFile; fileRef = AAA33C642D077D76006297B0 /* magic-in-the-air.mp3 */; };
		AAA33C782D077DF7006297B0 /* trivia.json in Resources */ = {isa = PBXBuildFile; fileRef = AAA33C772D077DF7006297B0 /* trivia.json */; };
/* End PBXBuildFile section */

/* Begin PBXFileReference section */
		AAA2C16B2D077A1E00764166 /* HarryPotterQuiz.app */ = {isa = PBXFileReference; explicitFileType = wrapper.application; includeInIndex = 0; path = HarryPotterQuiz.app; sourceTree = BUILT_PRODUCTS_DIR; };
		AAA33C5A2D077D4E006297B0 /* Assets.xcassets */ = {isa = PBXFileReference; lastKnownFileType = folder.assetcatalog; path = Assets.xcassets; sourceTree = "<group>"; };
		AAA33C5B2D077D4E006297B0 /* ContentView.swift */ = {isa = PBXFileReference; lastKnownFileType = sourcecode.swift; path = ContentView.swift; sourceTree = "<group>"; };
		AAA33C5C2D077D4E006297B0 /* HarryPotterQuizApp.swift */ = {isa = PBXFileReference; lastKnownFileType = sourcecode.swift; path = HarryPotterQuizApp.swift; sourceTree = "<group>"; };
		AAA33C612D077D76006297B0 /* deep-in-the-dell.mp3 */ = {isa = PBXFileReference; lastKnownFileType = audio.mp3; path = "deep-in-the-dell.mp3"; sourceTree = "<group>"; };
		AAA33C622D077D76006297B0 /* hiding-place-in-the-forest.mp3 */ = {isa = PBXFileReference; lastKnownFileType = audio.mp3; path = "hiding-place-in-the-forest.mp3"; sourceTree = "<group>"; };
		AAA33C632D077D76006297B0 /* let-the-mystery-unfold.mp3 */ = {isa = PBXFileReference; lastKnownFileType = audio.mp3; path = "let-the-mystery-unfold.mp3"; sourceTree = "<group>"; };
		AAA33C642D077D76006297B0 /* magic-in-the-air.mp3 */ = {isa = PBXFileReference; lastKnownFileType = audio.mp3; path = "magic-in-the-air.mp3"; sourceTree = "<group>"; };
		AAA33C652D077D76006297B0 /* magic-wand.mp3 */ = {isa = PBXFileReference; lastKnownFileType = audio.mp3; path = "magic-wand.mp3"; sourceTree = "<group>"; };
		AAA33C662D077D76006297B0 /* negative-beeps.mp3 */ = {isa = PBXFileReference; lastKnownFileType = audio.mp3; path = "negative-beeps.mp3"; sourceTree = "<group>"; };
		AAA33C672D077D76006297B0 /* page-flip.mp3 */ = {isa = PBXFileReference; lastKnownFileType = audio.mp3; path = "page-flip.mp3"; sourceTree = "<group>"; };
		AAA33C682D077D76006297B0 /* spellcraft.mp3 */ = {isa = PBXFileReference; lastKnownFileType = audio.mp3; path = spellcraft.mp3; sourceTree = "<group>"; };
		AAA33C772D077DF7006297B0 /* trivia.json */ = {isa = PBXFileReference; lastKnownFileType = text.json; path = trivia.json; sourceTree = "<group>"; };
/* End PBXFileReference section */

/* Begin PBXFileSystemSynchronizedRootGroup section */
		AAA33C742D077DBC006297B0 /* Preview Content */ = {
			isa = PBXFileSystemSynchronizedRootGroup;
			path = "Preview Content";
			sourceTree = "<group>";
		};
/* End PBXFileSystemSynchronizedRootGroup section */

/* Begin PBXFrameworksBuildPhase section */
		AAA2C1682D077A1E00764166 /* Frameworks */ = {
			isa = PBXFrameworksBuildPhase;
			buildActionMask = 2147483647;
			files = (
			);
			runOnlyForDeploymentPostprocessing = 0;
		};
/* End PBXFrameworksBuildPhase section */

/* Begin PBXGroup section */
		AAA2C1622D077A1E00764166 = {
			isa = PBXGroup;
			children = (
				AAA33C722D077DA9006297B0 /* HarryPotterQuiz */,
				AAA2C16C2D077A1E00764166 /* Products */,
			);
			sourceTree = "<group>";
		};
		AAA2C16C2D077A1E00764166 /* Products */ = {
			isa = PBXGroup;
			children = (
				AAA2C16B2D077A1E00764166 /* HarryPotterQuiz.app */,
			);
			name = Products;
			sourceTree = "<group>";
		};
		AAA33C722D077DA9006297B0 /* HarryPotterQuiz */ = {
			isa = PBXGroup;
			children = (
				AAA33C792D077DFD006297B0 /* Support */,
				AAA33C5B2D077D4E006297B0 /* ContentView.swift */,
				AAA33C742D077DBC006297B0 /* Preview Content */,
			);
			path = HarryPotterQuiz;
			sourceTree = "<group>";
		};
		AAA33C762D077DC9006297B0 /* Audios */ = {
			isa = PBXGroup;
			children = (
				AAA33C612D077D76006297B0 /* deep-in-the-dell.mp3 */,
				AAA33C622D077D76006297B0 /* hiding-place-in-the-forest.mp3 */,
				AAA33C632D077D76006297B0 /* let-the-mystery-unfold.mp3 */,
				AAA33C642D077D76006297B0 /* magic-in-the-air.mp3 */,
				AAA33C652D077D76006297B0 /* magic-wand.mp3 */,
				AAA33C662D077D76006297B0 /* negative-beeps.mp3 */,
				AAA33C672D077D76006297B0 /* page-flip.mp3 */,
				AAA33C682D077D76006297B0 /* spellcraft.mp3 */,
			);
			path = Audios;
			sourceTree = "<group>";
		};
		AAA33C792D077DFD006297B0 /* Support */ = {
			isa = PBXGroup;
			children = (
				AAA33C5A2D077D4E006297B0 /* Assets.xcassets */,
				AAA33C5C2D077D4E006297B0 /* HarryPotterQuizApp.swift */,
				AAA33C772D077DF7006297B0 /* trivia.json */,
				AAA33C762D077DC9006297B0 /* Audios */,
			);
			path = Support;
			sourceTree = "<group>";
		};
/* End PBXGroup section */

/* Begin PBXNativeTarget section */
		AAA2C16A2D077A1E00764166 /* HarryPotterQuiz */ = {
			isa = PBXNativeTarget;
			buildConfigurationList = AAA2C1792D077A1F00764166 /* Build configuration list for PBXNativeTarget "HarryPotterQuiz" */;
			buildPhases = (
				AAA2C1672D077A1E00764166 /* Sources */,
				AAA2C1682D077A1E00764166 /* Frameworks */,
				AAA2C1692D077A1E00764166 /* Resources */,
			);
			buildRules = (
			);
			dependencies = (
			);
			fileSystemSynchronizedGroups = (
				AAA33C742D077DBC006297B0 /* Preview Content */,
			);
			name = HarryPotterQuiz;
			packageProductDependencies = (
			);
			productName = HarryPotterQuiz;
			productReference = AAA2C16B2D077A1E00764166 /* HarryPotterQuiz.app */;
			productType = "com.apple.product-type.application";
		};
/* End PBXNativeTarget section */

/* Begin PBXProject section */
		AAA2C1632D077A1E00764166 /* Project object */ = {
			isa = PBXProject;
			attributes = {
				BuildIndependentTargetsInParallel = 1;
				LastSwiftUpdateCheck = 1610;
				LastUpgradeCheck = 1610;
				TargetAttributes = {
					AAA2C16A2D077A1E00764166 = {
						CreatedOnToolsVersion = 16.1;
					};
				};
			};
			buildConfigurationList = AAA2C1662D077A1E00764166 /* Build configuration list for PBXProject "HarryPotterQuiz" */;
			developmentRegion = en;
			hasScannedForEncodings = 0;
			knownRegions = (
				en,
				Base,
			);
			mainGroup = AAA2C1622D077A1E00764166;
			minimizedProjectReferenceProxies = 1;
			preferredProjectObjectVersion = 77;
			productRefGroup = AAA2C16C2D077A1E00764166 /* Products */;
			projectDirPath = "";
			projectRoot = "";
			targets = (
				AAA2C16A2D077A1E00764166 /* HarryPotterQuiz */,
			);
		};
/* End PBXProject section */

/* Begin PBXResourcesBuildPhase section */
		AAA2C1692D077A1E00764166 /* Resources */ = {
			isa = PBXResourcesBuildPhase;
			buildActionMask = 2147483647;
			files = (
				AAA33C692D077D76006297B0 /* negative-beeps.mp3 in Resources */,
				AAA33C782D077DF7006297B0 /* trivia.json in Resources */,
				AAA33C6A2D077D76006297B0 /* magic-wand.mp3 in Resources */,
				AAA33C6B2D077D76006297B0 /* deep-in-the-dell.mp3 in Resources */,
				AAA33C6C2D077D76006297B0 /* let-the-mystery-unfold.mp3 in Resources */,
				AAA33C6D2D077D76006297B0 /* spellcraft.mp3 in Resources */,
				AAA33C6E2D077D76006297B0 /* page-flip.mp3 in Resources */,
				AAA33C6F2D077D76006297B0 /* hiding-place-in-the-forest.mp3 in Resources */,
				AAA33C702D077D76006297B0 /* magic-in-the-air.mp3 in Resources */,
				AAA33C602D077D4E006297B0 /* Assets.xcassets in Resources */,
			);
			runOnlyForDeploymentPostprocessing = 0;
		};
/* End PBXResourcesBuildPhase section */

/* Begin PBXSourcesBuildPhase section */
		AAA2C1672D077A1E00764166 /* Sources */ = {
			isa = PBXSourcesBuildPhase;
			buildActionMask = 2147483647;
			files = (
				AAA33C5D2D077D4E006297B0 /* ContentView.swift in Sources */,
				AAA33C5E2D077D4E006297B0 /* HarryPotterQuizApp.swift in Sources */,
			);
			runOnlyForDeploymentPostprocessing = 0;
		};
/* End PBXSourcesBuildPhase section */

/* Begin XCBuildConfiguration section */
		AAA2C1772D077A1F00764166 /* Debug */ = {
			isa = XCBuildConfiguration;
			buildSettings = {
				ALWAYS_SEARCH_USER_PATHS = NO;
				ASSETCATALOG_COMPILER_GENERATE_SWIFT_ASSET_SYMBOL_EXTENSIONS = YES;
				CLANG_ANALYZER_NONNULL = YES;
				CLANG_ANALYZER_NUMBER_OBJECT_CONVERSION = YES_AGGRESSIVE;
				CLANG_CXX_LANGUAGE_STANDARD = "gnu++20";
				CLANG_ENABLE_MODULES = YES;
				CLANG_ENABLE_OBJC_ARC = YES;
				CLANG_ENABLE_OBJC_WEAK = YES;
				CLANG_WARN_BLOCK_CAPTURE_AUTORELEASING = YES;
				CLANG_WARN_BOOL_CONVERSION = YES;
				CLANG_WARN_COMMA = YES;
				CLANG_WARN_CONSTANT_CONVERSION = YES;
				CLANG_WARN_DEPRECATED_OBJC_IMPLEMENTATIONS = YES;
				CLANG_WARN_DIRECT_OBJC_ISA_USAGE = YES_ERROR;
				CLANG_WARN_DOCUMENTATION_COMMENTS = YES;
				CLANG_WARN_EMPTY_BODY = YES;
				CLANG_WARN_ENUM_CONVERSION = YES;
				CLANG_WARN_INFINITE_RECURSION = YES;
				CLANG_WARN_INT_CONVERSION = YES;
				CLANG_WARN_NON_LITERAL_NULL_CONVERSION = YES;
				CLANG_WARN_OBJC_IMPLICIT_RETAIN_SELF = YES;
				CLANG_WARN_OBJC_LITERAL_CONVERSION = YES;
				CLANG_WARN_OBJC_ROOT_CLASS = YES_ERROR;
				CLANG_WARN_QUOTED_INCLUDE_IN_FRAMEWORK_HEADER = YES;
				CLANG_WARN_RANGE_LOOP_ANALYSIS = YES;
				CLANG_WARN_STRICT_PROTOTYPES = YES;
				CLANG_WARN_SUSPICIOUS_MOVE = YES;
				CLANG_WARN_UNGUARDED_AVAILABILITY = YES_AGGRESSIVE;
				CLANG_WARN_UNREACHABLE_CODE = YES;
				CLANG_WARN__DUPLICATE_METHOD_MATCH = YES;
				COPY_PHASE_STRIP = NO;
				DEBUG_INFORMATION_FORMAT = dwarf;
				ENABLE_STRICT_OBJC_MSGSEND = YES;
				ENABLE_TESTABILITY = YES;
				ENABLE_USER_SCRIPT_SANDBOXING = YES;
				GCC_C_LANGUAGE_STANDARD = gnu17;
				GCC_DYNAMIC_NO_PIC = NO;
				GCC_NO_COMMON_BLOCKS = YES;
				GCC_OPTIMIZATION_LEVEL = 0;
				GCC_PREPROCESSOR_DEFINITIONS = (
					"DEBUG=1",
					"$(inherited)",
				);
				GCC_WARN_64_TO_32_BIT_CONVERSION = YES;
				GCC_WARN_ABOUT_RETURN_TYPE = YES_ERROR;
				GCC_WARN_UNDECLARED_SELECTOR = YES;
				GCC_WARN_UNINITIALIZED_AUTOS = YES_AGGRESSIVE;
				GCC_WARN_UNUSED_FUNCTION = YES;
				GCC_WARN_UNUSED_VARIABLE = YES;
				IPHONEOS_DEPLOYMENT_TARGET = 18.1;
				LOCALIZATION_PREFERS_STRING_CATALOGS = YES;
				MTL_ENABLE_DEBUG_INFO = INCLUDE_SOURCE;
				MTL_FAST_MATH = YES;
				ONLY_ACTIVE_ARCH = YES;
				SDKROOT = iphoneos;
				SWIFT_ACTIVE_COMPILATION_CONDITIONS = "DEBUG $(inherited)";
				SWIFT_OPTIMIZATION_LEVEL = "-Onone";
			};
			name = Debug;
		};
		AAA2C1782D077A1F00764166 /* Release */ = {
			isa = XCBuildConfiguration;
			buildSettings = {
				ALWAYS_SEARCH_USER_PATHS = NO;
				ASSETCATALOG_COMPILER_GENERATE_SWIFT_ASSET_SYMBOL_EXTENSIONS = YES;
				CLANG_ANALYZER_NONNULL = YES;
				CLANG_ANALYZER_NUMBER_OBJECT_CONVERSION = YES_AGGRESSIVE;
				CLANG_CXX_LANGUAGE_STANDARD = "gnu++20";
				CLANG_ENABLE_MODULES = YES;
				CLANG_ENABLE_OBJC_ARC = YES;
				CLANG_ENABLE_OBJC_WEAK = YES;
				CLANG_WARN_BLOCK_CAPTURE_AUTORELEASING = YES;
				CLANG_WARN_BOOL_CONVERSION = YES;
				CLANG_WARN_COMMA = YES;
				CLANG_WARN_CONSTANT_CONVERSION = YES;
				CLANG_WARN_DEPRECATED_OBJC_IMPLEMENTATIONS = YES;
				CLANG_WARN_DIRECT_OBJC_ISA_USAGE = YES_ERROR;
				CLANG_WARN_DOCUMENTATION_COMMENTS = YES;
				CLANG_WARN_EMPTY_BODY = YES;
				CLANG_WARN_ENUM_CONVERSION = YES;
				CLANG_WARN_INFINITE_RECURSION = YES;
				CLANG_WARN_INT_CONVERSION = YES;
				CLANG_WARN_NON_LITERAL_NULL_CONVERSION = YES;
				CLANG_WARN_OBJC_IMPLICIT_RETAIN_SELF = YES;
				CLANG_WARN_OBJC_LITERAL_CONVERSION = YES;
				CLANG_WARN_OBJC_ROOT_CLASS = YES_ERROR;
				CLANG_WARN_QUOTED_INCLUDE_IN_FRAMEWORK_HEADER = YES;
				CLANG_WARN_RANGE_LOOP_ANALYSIS = YES;
				CLANG_WARN_STRICT_PROTOTYPES = YES;
				CLANG_WARN_SUSPICIOUS_MOVE = YES;
				CLANG_WARN_UNGUARDED_AVAILABILITY = YES_AGGRESSIVE;
				CLANG_WARN_UNREACHABLE_CODE = YES;
				CLANG_WARN__DUPLICATE_METHOD_MATCH = YES;
				COPY_PHASE_STRIP = NO;
				DEBUG_INFORMATION_FORMAT = "dwarf-with-dsym";
				ENABLE_NS_ASSERTIONS = NO;
				ENABLE_STRICT_OBJC_MSGSEND = YES;
				ENABLE_USER_SCRIPT_SANDBOXING = YES;
				GCC_C_LANGUAGE_STANDARD = gnu17;
				GCC_NO_COMMON_BLOCKS = YES;
				GCC_WARN_64_TO_32_BIT_CONVERSION = YES;
				GCC_WARN_ABOUT_RETURN_TYPE = YES_ERROR;
				GCC_WARN_UNDECLARED_SELECTOR = YES;
				GCC_WARN_UNINITIALIZED_AUTOS = YES_AGGRESSIVE;
				GCC_WARN_UNUSED_FUNCTION = YES;
				GCC_WARN_UNUSED_VARIABLE = YES;
				IPHONEOS_DEPLOYMENT_TARGET = 18.1;
				LOCALIZATION_PREFERS_STRING_CATALOGS = YES;
				MTL_ENABLE_DEBUG_INFO = NO;
				MTL_FAST_MATH = YES;
				SDKROOT = iphoneos;
				SWIFT_COMPILATION_MODE = wholemodule;
				VALIDATE_PRODUCT = YES;
			};
			name = Release;
		};
		AAA2C17A2D077A1F00764166 /* Debug */ = {
			isa = XCBuildConfiguration;
			buildSettings = {
				ASSETCATALOG_COMPILER_APPICON_NAME = AppIcon;
				ASSETCATALOG_COMPILER_GLOBAL_ACCENT_COLOR_NAME = AccentColor;
				CODE_SIGN_STYLE = Automatic;
				CURRENT_PROJECT_VERSION = 1;
				DEVELOPMENT_ASSET_PATHS = "\"HarryPotterQuiz/Preview Content\"";
				DEVELOPMENT_TEAM = AM3BMZ58QA;
				ENABLE_PREVIEWS = YES;
				GENERATE_INFOPLIST_FILE = YES;
				INFOPLIST_KEY_UIApplicationSceneManifest_Generation = YES;
				INFOPLIST_KEY_UIApplicationSupportsIndirectInputEvents = YES;
				INFOPLIST_KEY_UILaunchScreen_Generation = YES;
				INFOPLIST_KEY_UISupportedInterfaceOrientations_iPad = "UIInterfaceOrientationPortrait UIInterfaceOrientationPortraitUpsideDown UIInterfaceOrientationLandscapeLeft UIInterfaceOrientationLandscapeRight";
				INFOPLIST_KEY_UISupportedInterfaceOrientations_iPhone = "UIInterfaceOrientationPortrait UIInterfaceOrientationLandscapeLeft UIInterfaceOrientationLandscapeRight";
				LD_RUNPATH_SEARCH_PATHS = (
					"$(inherited)",
					"@executable_path/Frameworks",
				);
				MARKETING_VERSION = 1.0;
				PRODUCT_BUNDLE_IDENTIFIER = com.berkindemirel.HarryPotterQuiz;
				PRODUCT_NAME = "$(TARGET_NAME)";
				SWIFT_EMIT_LOC_STRINGS = YES;
				SWIFT_VERSION = 5.0;
				TARGETED_DEVICE_FAMILY = "1,2";
			};
			name = Debug;
		};
		AAA2C17B2D077A1F00764166 /* Release */ = {
			isa = XCBuildConfiguration;
			buildSettings = {
				ASSETCATALOG_COMPILER_APPICON_NAME = AppIcon;
				ASSETCATALOG_COMPILER_GLOBAL_ACCENT_COLOR_NAME = AccentColor;
				CODE_SIGN_STYLE = Automatic;
				CURRENT_PROJECT_VERSION = 1;
				DEVELOPMENT_ASSET_PATHS = "\"HarryPotterQuiz/Preview Content\"";
				DEVELOPMENT_TEAM = AM3BMZ58QA;
				ENABLE_PREVIEWS = YES;
				GENERATE_INFOPLIST_FILE = YES;
				INFOPLIST_KEY_UIApplicationSceneManifest_Generation = YES;
				INFOPLIST_KEY_UIApplicationSupportsIndirectInputEvents = YES;
				INFOPLIST_KEY_UILaunchScreen_Generation = YES;
				INFOPLIST_KEY_UISupportedInterfaceOrientations_iPad = "UIInterfaceOrientationPortrait UIInterfaceOrientationPortraitUpsideDown UIInterfaceOrientationLandscapeLeft UIInterfaceOrientationLandscapeRight";
				INFOPLIST_KEY_UISupportedInterfaceOrientations_iPhone = "UIInterfaceOrientationPortrait UIInterfaceOrientationLandscapeLeft UIInterfaceOrientationLandscapeRight";
				LD_RUNPATH_SEARCH_PATHS = (
					"$(inherited)",
					"@executable_path/Frameworks",
				);
				MARKETING_VERSION = 1.0;
				PRODUCT_BUNDLE_IDENTIFIER = com.berkindemirel.HarryPotterQuiz;
				PRODUCT_NAME = "$(TARGET_NAME)";
				SWIFT_EMIT_LOC_STRINGS = YES;
				SWIFT_VERSION = 5.0;
				TARGETED_DEVICE_FAMILY = "1,2";
			};
			name = Release;
		};
/* End XCBuildConfiguration section */

/* Begin XCConfigurationList section */
		AAA2C1662D077A1E00764166 /* Build configuration list for PBXProject "HarryPotterQuiz" */ = {
			isa = XCConfigurationList;
			buildConfigurations = (
				AAA2C1772D077A1F00764166 /* Debug */,
				AAA2C1782D077A1F00764166 /* Release */,
			);
			defaultConfigurationIsVisible = 0;
			defaultConfigurationName = Release;
		};
		AAA2C1792D077A1F00764166 /* Build configuration list for PBXNativeTarget "HarryPotterQuiz" */ = {
			isa = XCConfigurationList;
			buildConfigurations = (
				AAA2C17A2D077A1F00764166 /* Debug */,
				AAA2C17B2D077A1F00764166 /* Release */,
			);
			defaultConfigurationIsVisible = 0;
			defaultConfigurationName = Release;
		};
/* End XCConfigurationList section */
	};
	rootObject = AAA2C1632D077A1E00764166 /* Project object */;
}
